
Microsoft Visual Studio Solution File, Format Version 12.00
# Visual Studio Version 17
VisualStudioVersion = 17.3.32825.248
MinimumVisualStudioVersion = 10.0.40219.1
Project("{FAE04EC0-301F-11D3-BF4B-00C04F79EFBC}") = "HelloGame", "HelloGame\HelloGame.csproj", "{2C8039AF-89AE-4A71-A139-987F99594888}"
EndProject
Global
	GlobalSection(SolutionConfigurationPlatforms) = preSolution
		Debug|Any CPU = Debug|Any CPU
		Release|Any CPU = Release|Any CPU
	EndGlobalSection
	GlobalSection(ProjectConfigurationPlatforms) = postSolution
		{2C8039AF-89AE-4A71-A139-987F99594888}.Debug|Any CPU.ActiveCfg = Debug|Any CPU
		{2C8039AF-89AE-4A71-A139-987F99594888}.Debug|Any CPU.Build.0 = Debug|Any CPU
		{2C8039AF-89AE-4A71-A139-987F99594888}.Release|Any CPU.ActiveCfg = Release|Any CPU
		{2C8039AF-89AE-4A71-A139-987F99594888}.Release|Any CPU.Build.0 = Release|Any CPU
	EndGlobalSection
	GlobalSection(SolutionProperties) = preSolution
		HideSolutionNode = FALSE
	EndGlobalSection
	GlobalSection(ExtensibilityGlobals) = postSolution
		SolutionGuid = {11701D04-C431-4A97-BA08-FE52B7E484A4}
	EndGlobalSection
EndGlobal
